
Microsoft Visual Studio Solution File, Format Version 12.00
# Visual Studio Version 17
VisualStudioVersion = 17.5.002.0
MinimumVisualStudioVersion = 10.0.40219.1
Project("{9A19103F-16F7-4668-BE54-9A1E7A4F7556}") = "VisitorManagemment", "VisitorManagemment.csproj", "{9C6C2D16-7A95-4773-8777-7B107582CFF3}"
EndProject
Global
	GlobalSection(SolutionConfigurationPlatforms) = preSolution
		Debug|Any CPU = Debug|Any CPU
		Release|Any CPU = Release|Any CPU
	EndGlobalSection
	GlobalSection(ProjectConfigurationPlatforms) = postSolution
		{9C6C2D16-7A95-4773-8777-7B107582CFF3}.Debug|Any CPU.ActiveCfg = Debug|Any CPU
		{9C6C2D16-7A95-4773-8777-7B107582CFF3}.Debug|Any CPU.Build.0 = Debug|Any CPU
		{9C6C2D16-7A95-4773-8777-7B107582CFF3}.Release|Any CPU.ActiveCfg = Release|Any CPU
		{9C6C2D16-7A95-4773-8777-7B107582CFF3}.Release|Any CPU.Build.0 = Release|Any CPU
	EndGlobalSection
	GlobalSection(SolutionProperties) = preSolution
		HideSolutionNode = FALSE
	EndGlobalSection
	GlobalSection(ExtensibilityGlobals) = postSolution
		SolutionGuid = {32BC0F4C-1B41-47AE-997C-93E10BBD7A6D}
	EndGlobalSection
EndGlobal
